{
  "version": 4,
  "terraform_version": "1.2.9",
  "serial": 9,
  "lineage": "fbbb4319-1709-c476-19c3-a0d591fe5cb6",
  "outputs": {
    "name": {
      "value": "Terraform-Web-Instance",
      "type": "string"
    },
    "public_ip": {
      "value": "3.12.76.157",
      "type": "string"
    }
  },
  "resources": [
    {
      "mode": "managed",
      "type": "aws_instance",
      "name": "web",
      "provider": "provider[\"registry.terraform.io/hashicorp/aws\"]",
      "instances": [
        {
          "schema_version": 1,
          "attributes": {
            "ami": "ami-0c55b159cbfafe1f0",
            "arn": "arn:aws:ec2:us-east-2:174253968858:instance/i-0186e34138f3f1f45",
            "associate_public_ip_address": true,
            "availability_zone": "us-east-2a",
            "capacity_reservation_specification": [
              {
                "capacity_reservation_preference": "open",
                "capacity_reservation_target": []
              }
            ],
            "cpu_core_count": 1,
            "cpu_options": [
              {
                "amd_sev_snp": "",
                "core_count": 1,
                "threads_per_core": 1
              }
            ],
            "cpu_threads_per_core": 1,
            "credit_specification": [
              {
                "cpu_credits": "standard"
              }
            ],
            "disable_api_stop": false,
            "disable_api_termination": false,
            "ebs_block_device": [],
            "ebs_optimized": false,
            "enclave_options": [
              {
                "enabled": false
              }
            ],
            "ephemeral_block_device": [],
            "get_password_data": false,
            "hibernation": false,
            "host_id": "",
            "host_resource_group_arn": null,
            "iam_instance_profile": "",
            "id": "i-0186e34138f3f1f45",
            "instance_initiated_shutdown_behavior": "stop",
            "instance_state": "running",
            "instance_type": "t2.micro",
            "ipv6_address_count": 0,
            "ipv6_addresses": [],
            "key_name": "ssh_key",
            "launch_template": [],
            "maintenance_options": [
              {
                "auto_recovery": "default"
              }
            ],
            "metadata_options": [
              {
                "http_endpoint": "enabled",
                "http_put_response_hop_limit": 1,
                "http_tokens": "optional",
                "instance_metadata_tags": "disabled"
              }
            ],
            "monitoring": false,
            "network_interface": [],
            "outpost_arn": "",
            "password_data": "",
            "placement_group": "",
            "placement_partition_number": 0,
            "primary_network_interface_id": "eni-0f389cea028c33797",
            "private_dns": "ip-172-31-1-230.us-east-2.compute.internal",
            "private_dns_name_options": [
              {
                "enable_resource_name_dns_a_record": false,
                "enable_resource_name_dns_aaaa_record": false,
                "hostname_type": "ip-name"
              }
            ],
            "private_ip": "172.31.1.230",
            "public_dns": "ec2-3-12-76-157.us-east-2.compute.amazonaws.com",
            "public_ip": "3.12.76.157",
            "root_block_device": [
              {
                "delete_on_termination": true,
                "device_name": "/dev/sda1",
                "encrypted": false,
                "iops": 100,
                "kms_key_id": "",
                "tags": {},
                "throughput": 0,
                "volume_id": "vol-071e1cb3b61f84648",
                "volume_size": 8,
                "volume_type": "gp2"
              }
            ],
            "secondary_private_ips": [],
            "security_groups": [
              "default"
            ],
            "source_dest_check": true,
            "subnet_id": "subnet-b3a244d8",
            "tags": {
              "Name": "Terraform-Web-Instance"
            },
            "tags_all": {
              "Name": "Terraform-Web-Instance"
            },
            "tenancy": "default",
            "timeouts": null,
            "user_data": null,
            "user_data_base64": null,
            "user_data_replace_on_change": false,
            "volume_tags": null,
            "vpc_security_group_ids": [
              "sg-4f6ac92a"
            ]
          },
          "sensitive_attributes": [],
          "private": "eyJlMmJmYjczMC1lY2FhLTExZTYtOGY4OC0zNDM2M2JjN2M0YzAiOnsiY3JlYXRlIjo2MDAwMDAwMDAwMDAsImRlbGV0ZSI6MTIwMDAwMDAwMDAwMCwidXBkYXRlIjo2MDAwMDAwMDAwMDB9LCJzY2hlbWFfdmVyc2lvbiI6IjEifQ==",
          "dependencies": [
            "aws_key_pair.ssh"
          ]
        }
      ]
    },
    {
      "mode": "managed",
      "type": "aws_key_pair",
      "name": "ssh",
      "provider": "provider[\"registry.terraform.io/hashicorp/aws\"]",
      "instances": [
        {
          "schema_version": 1,
          "attributes": {
            "arn": "arn:aws:ec2:us-east-2:174253968858:key-pair/ssh_key",
            "fingerprint": "04:c4:3a:22:64:57:1c:45:fb:6b:38:9f:db:c2:02:03",
            "id": "ssh_key",
            "key_name": "ssh_key",
            "key_name_prefix": "",
            "key_pair_id": "key-09570d9149a6ff5d4",
            "key_type": "rsa",
            "public_key": "ssh-rsa AAAAB3NzaC1yc2EAAAADAQABAAABgQDK/txQ5QMjuWIy08+jSQ6iz9tOJ7Lwt5UNqQpNbojUeRKlWQE95suov0Whs1CVag3M+t9yBtwivLCErRCWIALTaHKIsDdlO/aJQ0lL5sG2vaVvN1ndwGVX44OrjShiarWSvA219qA3Vl36ZfsmETYOtGaih+PKNMN2cNrlkk/6CyIk6tnO4tJX5MFM0UJ4lbWDM/Mvi+HVHiflZer626lz2RyzU0bzuXq9pwdBHadLeMdYJBusJcVTTx/RPimM0HCEL8tydh/RT2Cnrv0u27pm88S738vz1bTN+tgLjYgUrtVJLKIS8RYklTiRwhmXply8S7qNPl1sf1prdtJBuClGmUlqDlPubjOXC1sSpiREzEtuWIqUxU3CmX5jvCMSx2PzjtlYlZMZjo57mfW0sZ5ZathiF6HYuf9k64q8HapHrfjbZmhfdWABwu5o4ryo67//pA1vDuBjkJS4ECmrTN4gbtbwGr61I0nl74wFgCpeuRl9ms+ZGdP8GmXgkav5/6U= diegopessoa@Diegos-MacBook-Pro.local",
            "tags": null,
            "tags_all": {}
          },
          "sensitive_attributes": [],
          "private": "eyJzY2hlbWFfdmVyc2lvbiI6IjEifQ=="
        }
      ]
    }
  ]
}
